
Microsoft Visual Studio Solution File, Format Version 12.00
# Visual Studio Version 17
VisualStudioVersion = 17.13.35931.197
MinimumVisualStudioVersion = 10.0.40219.1
Project("{2150E333-8FDC-42A3-9474-1A3956D46DE8}") = "_aspire", "_aspire", "{BE2AB7EA-7638-4EF6-B210-4882B0A94EF0}"
EndProject
Project("{FAE04EC0-301F-11D3-BF4B-00C04F79EFBC}") = "EcommercePortfolio.AppHost", "aspire\EcommercePortfolio.AppHost\EcommercePortfolio.AppHost.csproj", "{9C7D0807-641E-463F-93D5-B7BB3D6F3B74}"
EndProject
Project("{FAE04EC0-301F-11D3-BF4B-00C04F79EFBC}") = "EcommercePortfolio.ServiceDefaults", "aspire\EcommercePortfolio.ServiceDefaults\EcommercePortfolio.ServiceDefaults.csproj", "{4A9C1931-31A7-529F-A56D-6958F5115FB3}"
EndProject
Project("{2150E333-8FDC-42A3-9474-1A3956D46DE8}") = "_Solution Items", "_Solution Items", "{02EA681E-C7D8-13C7-8484-4AC65E1B71E8}"
	ProjectSection(SolutionItems) = preProject
		..\.gitignore = ..\.gitignore
		..\README.md = ..\README.md
	EndProjectSection
EndProject
Project("{2150E333-8FDC-42A3-9474-1A3956D46DE8}") = "src", "src", "{5F6112B9-D4CA-40F6-BB38-BA6D68E66EF0}"
EndProject
Project("{2150E333-8FDC-42A3-9474-1A3956D46DE8}") = "Building Blocks", "Building Blocks", "{710E6347-3568-4D2E-BD85-2BD13EA675D2}"
EndProject
Project("{2150E333-8FDC-42A3-9474-1A3956D46DE8}") = "Services", "Services", "{6A015560-14A3-4D87-8E28-9B0FDA98A8B9}"
EndProject
Project("{2150E333-8FDC-42A3-9474-1A3956D46DE8}") = "Orders", "Orders", "{F9464E14-56B6-452D-966A-4F8E25EE988B}"
EndProject
Project("{2150E333-8FDC-42A3-9474-1A3956D46DE8}") = "Deliveries", "Deliveries", "{2553B8B9-920A-4014-9B7E-5F6C1C4EEF6B}"
EndProject
Project("{2150E333-8FDC-42A3-9474-1A3956D46DE8}") = "Carts", "Carts", "{FAC4991D-EAD3-4306-8040-A202918A7A5C}"
EndProject
Project("{FAE04EC0-301F-11D3-BF4B-00C04F79EFBC}") = "EcommercePortfolio.Carts.API", "services\Carts\EcommercePortfolio.Carts.API\EcommercePortfolio.Carts.API.csproj", "{0325B505-B614-4669-9E93-5BADFD1AFFD3}"
EndProject
Project("{FAE04EC0-301F-11D3-BF4B-00C04F79EFBC}") = "EcommercePortfolio.Carts.Domain", "services\Carts\EcommercePortfolio.Carts.Domain\EcommercePortfolio.Carts.Domain.csproj", "{E14DCF20-F39D-46E7-AF08-E88A5E96A649}"
EndProject
Project("{FAE04EC0-301F-11D3-BF4B-00C04F79EFBC}") = "EcommercePortfolio.Carts.Infra", "services\Carts\EcommercePortfolio.Carts.Infra\EcommercePortfolio.Carts.Infra.csproj", "{82741C0C-821C-48B3-AD1B-E84D7724815B}"
EndProject
Project("{FAE04EC0-301F-11D3-BF4B-00C04F79EFBC}") = "EcommercePortfolio.Deliveries.Infra", "services\Deliveries\EcommercePortfolio.Deliveries.Infra\EcommercePortfolio.Deliveries.Infra.csproj", "{F7A88E14-75D8-421B-B2BC-3A49D6F8B962}"
EndProject
Project("{FAE04EC0-301F-11D3-BF4B-00C04F79EFBC}") = "EcommercePortfolio.Deliveries.Domain", "services\Deliveries\EcommercePortfolio.Deliveries.Domain\EcommercePortfolio.Deliveries.Domain.csproj", "{B2F83EC8-E297-489B-9C09-4499A5C76A91}"
EndProject
Project("{FAE04EC0-301F-11D3-BF4B-00C04F79EFBC}") = "EcommercePortfolio.Orders.Infra", "services\Orders\EcommercePortfolio.Orders.Infra\EcommercePortfolio.Orders.Infra.csproj", "{0967E0F1-102D-45DE-A176-F7F6B769486F}"
EndProject
Project("{FAE04EC0-301F-11D3-BF4B-00C04F79EFBC}") = "EcommercePortfolio.Orders.Domain", "services\Orders\EcommercePortfolio.Orders.Domain\EcommercePortfolio.Orders.Domain.csproj", "{09C2C051-F7D0-4997-84CD-F396A39B9DBE}"
EndProject
Project("{FAE04EC0-301F-11D3-BF4B-00C04F79EFBC}") = "EcommercePortfolio.Orders.API", "services\Orders\EcommercePortfolio.Orders.API\EcommercePortfolio.Orders.API.csproj", "{849C8CFB-8575-4EAD-B44E-106C47FEAAEA}"
EndProject
Project("{FAE04EC0-301F-11D3-BF4B-00C04F79EFBC}") = "EcommercePortfolio.Deliveries.API", "services\Deliveries\EcommercePortfolio.Deliveries.API\EcommercePortfolio.Deliveries.API.csproj", "{85DF5EEC-E386-422E-8BB0-584D2F2BB4A4}"
EndProject
Project("{FAE04EC0-301F-11D3-BF4B-00C04F79EFBC}") = "EcommercePortfolio.Core", "building-blocks\EcommercePortfolio.Core\EcommercePortfolio.Core.csproj", "{262C540E-59F7-4209-B336-CBC6A9D65014}"
EndProject
Project("{FAE04EC0-301F-11D3-BF4B-00C04F79EFBC}") = "EcommercePortfolio.Services", "building-blocks\EcommercePortfolio.Services\EcommercePortfolio.Services.csproj", "{344D44BE-07A7-41CD-BFB9-BD1042CC028A}"
EndProject
Project("{FAE04EC0-301F-11D3-BF4B-00C04F79EFBC}") = "EcommercePortfolio.ApiGateways", "building-blocks\EcommercePortfolio.ApiGateways\EcommercePortfolio.ApiGateways.csproj", "{25C27C05-EEE9-451D-BF20-C4D2E0F4A5C0}"
EndProject
Project("{2150E333-8FDC-42A3-9474-1A3956D46DE8}") = "Tests", "Tests", "{A2114EFD-2EBF-4C8E-8F06-FA095D3261CC}"
EndProject
Project("{2150E333-8FDC-42A3-9474-1A3956D46DE8}") = "UnitTests", "UnitTests", "{DB1FAE5B-67EB-4BEB-875B-83786C00384C}"
EndProject
Project("{FAE04EC0-301F-11D3-BF4B-00C04F79EFBC}") = "EcommercePortfolio.Orders.UnitTests", "tests\EcommercePortfolio.Orders.UnitTests\EcommercePortfolio.Orders.UnitTests.csproj", "{256FC5D9-52AB-4474-B6F1-A26DEBF4E552}"
EndProject
Project("{2150E333-8FDC-42A3-9474-1A3956D46DE8}") = "IntegrationTests", "IntegrationTests", "{DB633F9E-339D-21AA-3632-3DA9EA860142}"
EndProject
Project("{FAE04EC0-301F-11D3-BF4B-00C04F79EFBC}") = "EcommercePortfolio.Orders.IntegrationTests", "tests\EcommercePortfolio.Orders.IntegrationTests\EcommercePortfolio.Orders.IntegrationTests.csproj", "{B2D2C360-5B8A-472F-8545-32361592E40B}"
EndProject
Global
	GlobalSection(SolutionConfigurationPlatforms) = preSolution
		Debug|Any CPU = Debug|Any CPU
		Release|Any CPU = Release|Any CPU
	EndGlobalSection
	GlobalSection(ProjectConfigurationPlatforms) = postSolution
		{9C7D0807-641E-463F-93D5-B7BB3D6F3B74}.Debug|Any CPU.ActiveCfg = Debug|Any CPU
		{9C7D0807-641E-463F-93D5-B7BB3D6F3B74}.Debug|Any CPU.Build.0 = Debug|Any CPU
		{9C7D0807-641E-463F-93D5-B7BB3D6F3B74}.Release|Any CPU.ActiveCfg = Release|Any CPU
		{9C7D0807-641E-463F-93D5-B7BB3D6F3B74}.Release|Any CPU.Build.0 = Release|Any CPU
		{4A9C1931-31A7-529F-A56D-6958F5115FB3}.Debug|Any CPU.ActiveCfg = Debug|Any CPU
		{4A9C1931-31A7-529F-A56D-6958F5115FB3}.Debug|Any CPU.Build.0 = Debug|Any CPU
		{4A9C1931-31A7-529F-A56D-6958F5115FB3}.Release|Any CPU.ActiveCfg = Release|Any CPU
		{4A9C1931-31A7-529F-A56D-6958F5115FB3}.Release|Any CPU.Build.0 = Release|Any CPU
		{0325B505-B614-4669-9E93-5BADFD1AFFD3}.Debug|Any CPU.ActiveCfg = Debug|Any CPU
		{0325B505-B614-4669-9E93-5BADFD1AFFD3}.Debug|Any CPU.Build.0 = Debug|Any CPU
		{0325B505-B614-4669-9E93-5BADFD1AFFD3}.Release|Any CPU.ActiveCfg = Release|Any CPU
		{0325B505-B614-4669-9E93-5BADFD1AFFD3}.Release|Any CPU.Build.0 = Release|Any CPU
		{E14DCF20-F39D-46E7-AF08-E88A5E96A649}.Debug|Any CPU.ActiveCfg = Debug|Any CPU
		{E14DCF20-F39D-46E7-AF08-E88A5E96A649}.Debug|Any CPU.Build.0 = Debug|Any CPU
		{E14DCF20-F39D-46E7-AF08-E88A5E96A649}.Release|Any CPU.ActiveCfg = Release|Any CPU
		{E14DCF20-F39D-46E7-AF08-E88A5E96A649}.Release|Any CPU.Build.0 = Release|Any CPU
		{82741C0C-821C-48B3-AD1B-E84D7724815B}.Debug|Any CPU.ActiveCfg = Debug|Any CPU
		{82741C0C-821C-48B3-AD1B-E84D7724815B}.Debug|Any CPU.Build.0 = Debug|Any CPU
		{82741C0C-821C-48B3-AD1B-E84D7724815B}.Release|Any CPU.ActiveCfg = Release|Any CPU
		{82741C0C-821C-48B3-AD1B-E84D7724815B}.Release|Any CPU.Build.0 = Release|Any CPU
		{F7A88E14-75D8-421B-B2BC-3A49D6F8B962}.Debug|Any CPU.ActiveCfg = Debug|Any CPU
		{F7A88E14-75D8-421B-B2BC-3A49D6F8B962}.Debug|Any CPU.Build.0 = Debug|Any CPU
		{F7A88E14-75D8-421B-B2BC-3A49D6F8B962}.Release|Any CPU.ActiveCfg = Release|Any CPU
		{F7A88E14-75D8-421B-B2BC-3A49D6F8B962}.Release|Any CPU.Build.0 = Release|Any CPU
		{B2F83EC8-E297-489B-9C09-4499A5C76A91}.Debug|Any CPU.ActiveCfg = Debug|Any CPU
		{B2F83EC8-E297-489B-9C09-4499A5C76A91}.Debug|Any CPU.Build.0 = Debug|Any CPU
		{B2F83EC8-E297-489B-9C09-4499A5C76A91}.Release|Any CPU.ActiveCfg = Release|Any CPU
		{B2F83EC8-E297-489B-9C09-4499A5C76A91}.Release|Any CPU.Build.0 = Release|Any CPU
		{0967E0F1-102D-45DE-A176-F7F6B769486F}.Debug|Any CPU.ActiveCfg = Debug|Any CPU
		{0967E0F1-102D-45DE-A176-F7F6B769486F}.Debug|Any CPU.Build.0 = Debug|Any CPU
		{0967E0F1-102D-45DE-A176-F7F6B769486F}.Release|Any CPU.ActiveCfg = Release|Any CPU
		{0967E0F1-102D-45DE-A176-F7F6B769486F}.Release|Any CPU.Build.0 = Release|Any CPU
		{09C2C051-F7D0-4997-84CD-F396A39B9DBE}.Debug|Any CPU.ActiveCfg = Debug|Any CPU
		{09C2C051-F7D0-4997-84CD-F396A39B9DBE}.Debug|Any CPU.Build.0 = Debug|Any CPU
		{09C2C051-F7D0-4997-84CD-F396A39B9DBE}.Release|Any CPU.ActiveCfg = Release|Any CPU
		{09C2C051-F7D0-4997-84CD-F396A39B9DBE}.Release|Any CPU.Build.0 = Release|Any CPU
		{849C8CFB-8575-4EAD-B44E-106C47FEAAEA}.Debug|Any CPU.ActiveCfg = Debug|Any CPU
		{849C8CFB-8575-4EAD-B44E-106C47FEAAEA}.Debug|Any CPU.Build.0 = Debug|Any CPU
		{849C8CFB-8575-4EAD-B44E-106C47FEAAEA}.Release|Any CPU.ActiveCfg = Release|Any CPU
		{849C8CFB-8575-4EAD-B44E-106C47FEAAEA}.Release|Any CPU.Build.0 = Release|Any CPU
		{85DF5EEC-E386-422E-8BB0-584D2F2BB4A4}.Debug|Any CPU.ActiveCfg = Debug|Any CPU
		{85DF5EEC-E386-422E-8BB0-584D2F2BB4A4}.Debug|Any CPU.Build.0 = Debug|Any CPU
		{85DF5EEC-E386-422E-8BB0-584D2F2BB4A4}.Release|Any CPU.ActiveCfg = Release|Any CPU
		{85DF5EEC-E386-422E-8BB0-584D2F2BB4A4}.Release|Any CPU.Build.0 = Release|Any CPU
		{262C540E-59F7-4209-B336-CBC6A9D65014}.Debug|Any CPU.ActiveCfg = Debug|Any CPU
		{262C540E-59F7-4209-B336-CBC6A9D65014}.Debug|Any CPU.Build.0 = Debug|Any CPU
		{262C540E-59F7-4209-B336-CBC6A9D65014}.Release|Any CPU.ActiveCfg = Release|Any CPU
		{262C540E-59F7-4209-B336-CBC6A9D65014}.Release|Any CPU.Build.0 = Release|Any CPU
		{344D44BE-07A7-41CD-BFB9-BD1042CC028A}.Debug|Any CPU.ActiveCfg = Debug|Any CPU
		{344D44BE-07A7-41CD-BFB9-BD1042CC028A}.Debug|Any CPU.Build.0 = Debug|Any CPU
		{344D44BE-07A7-41CD-BFB9-BD1042CC028A}.Release|Any CPU.ActiveCfg = Release|Any CPU
		{344D44BE-07A7-41CD-BFB9-BD1042CC028A}.Release|Any CPU.Build.0 = Release|Any CPU
		{25C27C05-EEE9-451D-BF20-C4D2E0F4A5C0}.Debug|Any CPU.ActiveCfg = Debug|Any CPU
		{25C27C05-EEE9-451D-BF20-C4D2E0F4A5C0}.Debug|Any CPU.Build.0 = Debug|Any CPU
		{25C27C05-EEE9-451D-BF20-C4D2E0F4A5C0}.Release|Any CPU.ActiveCfg = Release|Any CPU
		{25C27C05-EEE9-451D-BF20-C4D2E0F4A5C0}.Release|Any CPU.Build.0 = Release|Any CPU
		{256FC5D9-52AB-4474-B6F1-A26DEBF4E552}.Debug|Any CPU.ActiveCfg = Debug|Any CPU
		{256FC5D9-52AB-4474-B6F1-A26DEBF4E552}.Debug|Any CPU.Build.0 = Debug|Any CPU
		{256FC5D9-52AB-4474-B6F1-A26DEBF4E552}.Release|Any CPU.ActiveCfg = Release|Any CPU
		{256FC5D9-52AB-4474-B6F1-A26DEBF4E552}.Release|Any CPU.Build.0 = Release|Any CPU
		{B2D2C360-5B8A-472F-8545-32361592E40B}.Debug|Any CPU.ActiveCfg = Debug|Any CPU
		{B2D2C360-5B8A-472F-8545-32361592E40B}.Debug|Any CPU.Build.0 = Debug|Any CPU
		{B2D2C360-5B8A-472F-8545-32361592E40B}.Release|Any CPU.ActiveCfg = Release|Any CPU
		{B2D2C360-5B8A-472F-8545-32361592E40B}.Release|Any CPU.Build.0 = Release|Any CPU
	EndGlobalSection
	GlobalSection(SolutionProperties) = preSolution
		HideSolutionNode = FALSE
	EndGlobalSection
	GlobalSection(NestedProjects) = preSolution
		{9C7D0807-641E-463F-93D5-B7BB3D6F3B74} = {BE2AB7EA-7638-4EF6-B210-4882B0A94EF0}
		{4A9C1931-31A7-529F-A56D-6958F5115FB3} = {BE2AB7EA-7638-4EF6-B210-4882B0A94EF0}
		{710E6347-3568-4D2E-BD85-2BD13EA675D2} = {5F6112B9-D4CA-40F6-BB38-BA6D68E66EF0}
		{6A015560-14A3-4D87-8E28-9B0FDA98A8B9} = {5F6112B9-D4CA-40F6-BB38-BA6D68E66EF0}
		{F9464E14-56B6-452D-966A-4F8E25EE988B} = {6A015560-14A3-4D87-8E28-9B0FDA98A8B9}
		{2553B8B9-920A-4014-9B7E-5F6C1C4EEF6B} = {6A015560-14A3-4D87-8E28-9B0FDA98A8B9}
		{FAC4991D-EAD3-4306-8040-A202918A7A5C} = {6A015560-14A3-4D87-8E28-9B0FDA98A8B9}
		{0325B505-B614-4669-9E93-5BADFD1AFFD3} = {FAC4991D-EAD3-4306-8040-A202918A7A5C}
		{E14DCF20-F39D-46E7-AF08-E88A5E96A649} = {FAC4991D-EAD3-4306-8040-A202918A7A5C}
		{82741C0C-821C-48B3-AD1B-E84D7724815B} = {FAC4991D-EAD3-4306-8040-A202918A7A5C}
		{F7A88E14-75D8-421B-B2BC-3A49D6F8B962} = {2553B8B9-920A-4014-9B7E-5F6C1C4EEF6B}
		{B2F83EC8-E297-489B-9C09-4499A5C76A91} = {2553B8B9-920A-4014-9B7E-5F6C1C4EEF6B}
		{0967E0F1-102D-45DE-A176-F7F6B769486F} = {F9464E14-56B6-452D-966A-4F8E25EE988B}
		{09C2C051-F7D0-4997-84CD-F396A39B9DBE} = {F9464E14-56B6-452D-966A-4F8E25EE988B}
		{849C8CFB-8575-4EAD-B44E-106C47FEAAEA} = {F9464E14-56B6-452D-966A-4F8E25EE988B}
		{85DF5EEC-E386-422E-8BB0-584D2F2BB4A4} = {2553B8B9-920A-4014-9B7E-5F6C1C4EEF6B}
		{262C540E-59F7-4209-B336-CBC6A9D65014} = {710E6347-3568-4D2E-BD85-2BD13EA675D2}
		{344D44BE-07A7-41CD-BFB9-BD1042CC028A} = {710E6347-3568-4D2E-BD85-2BD13EA675D2}
		{25C27C05-EEE9-451D-BF20-C4D2E0F4A5C0} = {710E6347-3568-4D2E-BD85-2BD13EA675D2}
		{A2114EFD-2EBF-4C8E-8F06-FA095D3261CC} = {5F6112B9-D4CA-40F6-BB38-BA6D68E66EF0}
		{DB1FAE5B-67EB-4BEB-875B-83786C00384C} = {A2114EFD-2EBF-4C8E-8F06-FA095D3261CC}
		{256FC5D9-52AB-4474-B6F1-A26DEBF4E552} = {DB1FAE5B-67EB-4BEB-875B-83786C00384C}
		{DB633F9E-339D-21AA-3632-3DA9EA860142} = {A2114EFD-2EBF-4C8E-8F06-FA095D3261CC}
		{B2D2C360-5B8A-472F-8545-32361592E40B} = {DB633F9E-339D-21AA-3632-3DA9EA860142}
	EndGlobalSection
	GlobalSection(ExtensibilityGlobals) = postSolution
		SolutionGuid = {2E5CA65E-10C9-41AD-A629-F162C120ADEE}
	EndGlobalSection
EndGlobal
